
Microsoft Visual Studio Solution File, Format Version 12.00
# Visual Studio Version 17
VisualStudioVersion = 17.14.36623.8
MinimumVisualStudioVersion = 10.0.40219.1
Project("{8BC9CEB8-8B4A-11D0-8D11-00A0C91BC942}") = "boshy-hack", "boshy-hack.vcxproj", "{5BA0952B-73A7-4C95-8828-9E41DD47692D}"
EndProject
Global
	GlobalSection(SolutionConfigurationPlatforms) = preSolution
		Debug|x64 = Debug|x64
		Debug|x86 = Debug|x86
		Release|x64 = Release|x64
		Release|x86 = Release|x86
		RelNoOpt|x64 = RelNoOpt|x64
		RelNoOpt|x86 = RelNoOpt|x86
	EndGlobalSection
	GlobalSection(ProjectConfigurationPlatforms) = postSolution
		{5BA0952B-73A7-4C95-8828-9E41DD47692D}.Debug|x64.ActiveCfg = Debug|x64
		{5BA0952B-73A7-4C95-8828-9E41DD47692D}.Debug|x64.Build.0 = Debug|x64
		{5BA0952B-73A7-4C95-8828-9E41DD47692D}.Debug|x86.ActiveCfg = Debug|Win32
		{5BA0952B-73A7-4C95-8828-9E41DD47692D}.Debug|x86.Build.0 = Debug|Win32
		{5BA0952B-73A7-4C95-8828-9E41DD47692D}.Release|x64.ActiveCfg = Release|x64
		{5BA0952B-73A7-4C95-8828-9E41DD47692D}.Release|x64.Build.0 = Release|x64
		{5BA0952B-73A7-4C95-8828-9E41DD47692D}.Release|x86.ActiveCfg = Release|Win32
		{5BA0952B-73A7-4C95-8828-9E41DD47692D}.Release|x86.Build.0 = Release|Win32
		{5BA0952B-73A7-4C95-8828-9E41DD47692D}.RelNoOpt|x64.ActiveCfg = RelNoOpt|x64
		{5BA0952B-73A7-4C95-8828-9E41DD47692D}.RelNoOpt|x64.Build.0 = RelNoOpt|x64
		{5BA0952B-73A7-4C95-8828-9E41DD47692D}.RelNoOpt|x86.ActiveCfg = RelNoOpt|Win32
		{5BA0952B-73A7-4C95-8828-9E41DD47692D}.RelNoOpt|x86.Build.0 = RelNoOpt|Win32
	EndGlobalSection
	GlobalSection(SolutionProperties) = preSolution
		HideSolutionNode = FALSE
	EndGlobalSection
	GlobalSection(ExtensibilityGlobals) = postSolution
		SolutionGuid = {753C404C-8FCB-40AB-9CA0-5D3005007984}
	EndGlobalSection
EndGlobal
